{
  "version": 4,
  "terraform_version": "1.9.5",
  "serial": 111,
  "lineage": "7289d32d-f9f7-08d4-b228-a344e917149a",
  "outputs": {
    "client_id_value": {
      "value": "13e26b33-e672-4ad9-a3ec-ec9950b96a0f",
      "type": "string",
      "sensitive": true
    },
    "client_secret_value": {
      "value": "Qgy8Q~B92ZtUovFHPF2kieS_a1RnD0DsEptbKaLp",
      "type": "string",
      "sensitive": true
    },
    "location": {
      "value": "westeurope",
      "type": "string"
    },
    "session_host_count": {
      "value": 2,
      "type": "number"
    },
    "vault_uri": {
      "value": "https://kunkeyvault.vault.azure.net/",
      "type": "string"
    }
  },
  "resources": [
    {
      "mode": "data",
      "type": "azurerm_key_vault",
      "name": "keyvault",
      "provider": "provider[\"registry.terraform.io/hashicorp/azurerm\"]",
      "instances": [
        {
          "schema_version": 0,
          "attributes": {
            "access_policy": [],
            "enable_rbac_authorization": true,
            "enabled_for_deployment": false,
            "enabled_for_disk_encryption": false,
            "enabled_for_template_deployment": false,
            "id": "/subscriptions/761cc7e6-a477-494a-99ef-a5d6aa0fde41/resourceGroups/kun/providers/Microsoft.KeyVault/vaults/kunkeyvault",
            "location": "westeurope",
            "name": "kunkeyvault",
            "network_acls": [],
            "public_network_access_enabled": true,
            "purge_protection_enabled": false,
            "resource_group_name": "kun",
            "sku_name": "Standard",
            "tags": {},
            "tenant_id": "f6b9b1fa-10dd-4c5b-8b1b-404934b17313",
            "timeouts": null,
            "vault_uri": "https://kunkeyvault.vault.azure.net/"
          },
          "sensitive_attributes": []
        }
      ]
    },
    {
      "mode": "data",
      "type": "azurerm_key_vault_secret",
      "name": "client_id",
      "provider": "provider[\"registry.terraform.io/hashicorp/azurerm\"]",
      "instances": [
        {
          "schema_version": 0,
          "attributes": {
            "content_type": "",
            "id": "https://kunkeyvault.vault.azure.net/secrets/client-id/988af1b119714670b4f44b921e10785a",
            "key_vault_id": "/subscriptions/761cc7e6-a477-494a-99ef-a5d6aa0fde41/resourceGroups/kun/providers/Microsoft.KeyVault/vaults/kunkeyvault",
            "name": "client-id",
            "resource_id": "/subscriptions/761cc7e6-a477-494a-99ef-a5d6aa0fde41/resourceGroups/kun/providers/Microsoft.KeyVault/vaults/kunkeyvault/secrets/client-id/versions/988af1b119714670b4f44b921e10785a",
            "resource_versionless_id": "/subscriptions/761cc7e6-a477-494a-99ef-a5d6aa0fde41/resourceGroups/kun/providers/Microsoft.KeyVault/vaults/kunkeyvault/secrets/client-id",
            "tags": {},
            "timeouts": null,
            "value": "13e26b33-e672-4ad9-a3ec-ec9950b96a0f",
            "version": "988af1b119714670b4f44b921e10785a",
            "versionless_id": "https://kunkeyvault.vault.azure.net/secrets/client-id"
          },
          "sensitive_attributes": [
            [
              {
                "type": "get_attr",
                "value": "value"
              }
            ]
          ]
        }
      ]
    },
    {
      "mode": "data",
      "type": "azurerm_key_vault_secret",
      "name": "client_secret",
      "provider": "provider[\"registry.terraform.io/hashicorp/azurerm\"]",
      "instances": [
        {
          "schema_version": 0,
          "attributes": {
            "content_type": "",
            "id": "https://kunkeyvault.vault.azure.net/secrets/client-secret/e2cf0e6cc1914b6f8f3cb031003a70b6",
            "key_vault_id": "/subscriptions/761cc7e6-a477-494a-99ef-a5d6aa0fde41/resourceGroups/kun/providers/Microsoft.KeyVault/vaults/kunkeyvault",
            "name": "client-secret",
            "resource_id": "/subscriptions/761cc7e6-a477-494a-99ef-a5d6aa0fde41/resourceGroups/kun/providers/Microsoft.KeyVault/vaults/kunkeyvault/secrets/client-secret/versions/e2cf0e6cc1914b6f8f3cb031003a70b6",
            "resource_versionless_id": "/subscriptions/761cc7e6-a477-494a-99ef-a5d6aa0fde41/resourceGroups/kun/providers/Microsoft.KeyVault/vaults/kunkeyvault/secrets/client-secret",
            "tags": {},
            "timeouts": null,
            "value": "Qgy8Q~B92ZtUovFHPF2kieS_a1RnD0DsEptbKaLp",
            "version": "e2cf0e6cc1914b6f8f3cb031003a70b6",
            "versionless_id": "https://kunkeyvault.vault.azure.net/secrets/client-secret"
          },
          "sensitive_attributes": [
            [
              {
                "type": "get_attr",
                "value": "value"
              }
            ]
          ]
        }
      ]
    },
    {
      "mode": "data",
      "type": "azurerm_shared_image_version",
      "name": "kun",
      "provider": "provider[\"registry.terraform.io/hashicorp/azurerm\"]",
      "instances": [
        {
          "schema_version": 0,
          "attributes": {
            "exclude_from_latest": false,
            "gallery_name": "acgAk",
            "id": "/subscriptions/761cc7e6-a477-494a-99ef-a5d6aa0fde41/resourceGroups/kun/providers/Microsoft.Compute/galleries/acgAk/images/acgImageDef2/versions/1.0.4",
            "image_name": "acgImageDef2",
            "location": "westeurope",
            "managed_image_id": "/subscriptions/761cc7e6-a477-494a-99ef-a5d6aa0fde41/resourceGroups/kun/providers/Microsoft.Compute/images/myManagedImage17",
            "name": "1.0.4",
            "os_disk_image_size_gb": 127,
            "os_disk_snapshot_id": "",
            "resource_group_name": "kun",
            "sort_versions_by_semver": false,
            "tags": {},
            "target_region": [
              {
                "name": "westeurope",
                "regional_replica_count": 1,
                "storage_account_type": "Standard_LRS"
              }
            ],
            "timeouts": null
          },
          "sensitive_attributes": []
        }
      ]
    },
    {
      "mode": "data",
      "type": "external",
      "name": "client_id",
      "provider": "provider[\"registry.terraform.io/hashicorp/external\"]",
      "instances": [
        {
          "schema_version": 0,
          "attributes": {
            "id": "-",
            "program": [
              "bash",
              "-c",
              "az keyvault secret show --vault-name 'kunkeyvault' --name 'client-id' --query '{value: value}' -o json"
            ],
            "query": null,
            "result": {
              "value": "13e26b33-e672-4ad9-a3ec-ec9950b96a0f"
            },
            "working_dir": null
          },
          "sensitive_attributes": []
        }
      ]
    },
    {
      "mode": "data",
      "type": "external",
      "name": "client_secret",
      "provider": "provider[\"registry.terraform.io/hashicorp/external\"]",
      "instances": [
        {
          "schema_version": 0,
          "attributes": {
            "id": "-",
            "program": [
              "bash",
              "-c",
              "az keyvault secret show --vault-name 'kunkeyvault' --name 'client-secret' --query '{value: value}' -o json"
            ],
            "query": null,
            "result": {
              "value": "Qgy8Q~B92ZtUovFHPF2kieS_a1RnD0DsEptbKaLp"
            },
            "working_dir": null
          },
          "sensitive_attributes": []
        }
      ]
    },
    {
      "mode": "managed",
      "type": "azurerm_network_interface",
      "name": "avd_vm_nic",
      "provider": "provider[\"registry.terraform.io/hashicorp/azurerm\"]",
      "instances": [
        {
          "index_key": 0,
          "schema_version": 0,
          "attributes": {
            "applied_dns_servers": [],
            "dns_servers": [],
            "edge_zone": "",
            "enable_accelerated_networking": false,
            "enable_ip_forwarding": false,
            "id": "/subscriptions/761cc7e6-a477-494a-99ef-a5d6aa0fde41/resourceGroups/kun/providers/Microsoft.Network/networkInterfaces/avdtf-1-nic",
            "internal_dns_name_label": "",
            "internal_domain_name_suffix": "5d1skyhmfvoebjti2ylrrkxvcc.ax.internal.cloudapp.net",
            "ip_configuration": [
              {
                "gateway_load_balancer_frontend_ip_configuration_id": "",
                "name": "nic1_config",
                "primary": true,
                "private_ip_address": "10.0.0.6",
                "private_ip_address_allocation": "Dynamic",
                "private_ip_address_version": "IPv4",
                "public_ip_address_id": "",
                "subnet_id": "/subscriptions/761cc7e6-a477-494a-99ef-a5d6aa0fde41/resourceGroups/kun/providers/Microsoft.Network/virtualNetworks/kun/subnets/internal"
              }
            ],
            "location": "westeurope",
            "mac_address": "",
            "name": "avdtf-1-nic",
            "private_ip_address": "10.0.0.6",
            "private_ip_addresses": [
              "10.0.0.6"
            ],
            "resource_group_name": "kun",
            "tags": null,
            "timeouts": null,
            "virtual_machine_id": ""
          },
          "sensitive_attributes": [],
          "private": "eyJlMmJmYjczMC1lY2FhLTExZTYtOGY4OC0zNDM2M2JjN2M0YzAiOnsiY3JlYXRlIjoxODAwMDAwMDAwMDAwLCJkZWxldGUiOjE4MDAwMDAwMDAwMDAsInJlYWQiOjMwMDAwMDAwMDAwMCwidXBkYXRlIjoxODAwMDAwMDAwMDAwfX0=",
          "dependencies": [
            "data.external.client_id",
            "data.external.client_secret",
            "module.avdvnetAk.data.azurerm_subnet.example",
            "module.avdvnetAk.data.azurerm_virtual_network.ad_vnet_data",
            "module.avdvnetAk.data.azurerm_virtual_network.example"
          ]
        },
        {
          "index_key": 1,
          "schema_version": 0,
          "attributes": {
            "applied_dns_servers": [],
            "dns_servers": [],
            "edge_zone": "",
            "enable_accelerated_networking": false,
            "enable_ip_forwarding": false,
            "id": "/subscriptions/761cc7e6-a477-494a-99ef-a5d6aa0fde41/resourceGroups/kun/providers/Microsoft.Network/networkInterfaces/avdtf-2-nic",
            "internal_dns_name_label": "",
            "internal_domain_name_suffix": "5d1skyhmfvoebjti2ylrrkxvcc.ax.internal.cloudapp.net",
            "ip_configuration": [
              {
                "gateway_load_balancer_frontend_ip_configuration_id": "",
                "name": "nic2_config",
                "primary": true,
                "private_ip_address": "10.0.0.5",
                "private_ip_address_allocation": "Dynamic",
                "private_ip_address_version": "IPv4",
                "public_ip_address_id": "",
                "subnet_id": "/subscriptions/761cc7e6-a477-494a-99ef-a5d6aa0fde41/resourceGroups/kun/providers/Microsoft.Network/virtualNetworks/kun/subnets/internal"
              }
            ],
            "location": "westeurope",
            "mac_address": "",
            "name": "avdtf-2-nic",
            "private_ip_address": "10.0.0.5",
            "private_ip_addresses": [
              "10.0.0.5"
            ],
            "resource_group_name": "kun",
            "tags": null,
            "timeouts": null,
            "virtual_machine_id": ""
          },
          "sensitive_attributes": [],
          "private": "eyJlMmJmYjczMC1lY2FhLTExZTYtOGY4OC0zNDM2M2JjN2M0YzAiOnsiY3JlYXRlIjoxODAwMDAwMDAwMDAwLCJkZWxldGUiOjE4MDAwMDAwMDAwMDAsInJlYWQiOjMwMDAwMDAwMDAwMCwidXBkYXRlIjoxODAwMDAwMDAwMDAwfX0=",
          "dependencies": [
            "data.external.client_id",
            "data.external.client_secret",
            "module.avdvnetAk.data.azurerm_subnet.example",
            "module.avdvnetAk.data.azurerm_virtual_network.ad_vnet_data",
            "module.avdvnetAk.data.azurerm_virtual_network.example"
          ]
        }
      ]
    },
    {
      "mode": "managed",
      "type": "azurerm_virtual_machine_extension",
      "name": "customscriptext",
      "provider": "provider[\"registry.terraform.io/hashicorp/azurerm\"]",
      "instances": [
        {
          "index_key": 0,
          "schema_version": 0,
          "attributes": {
            "auto_upgrade_minor_version": false,
            "automatic_upgrade_enabled": false,
            "failure_suppression_enabled": false,
            "id": "/subscriptions/761cc7e6-a477-494a-99ef-a5d6aa0fde41/resourceGroups/kun/providers/Microsoft.Compute/virtualMachines/avdtf-1/extensions/avdtf1-avd_cse",
            "name": "avdtf1-avd_cse",
            "protected_settings": "     {\r\n         \"storageAccountName\": \"akterraformstorage\",\r\n         \"storageAccountKey\": \"S7CoMB6QML5Gv31lAq8JVGKMRPrMvGyO3KiWsk03zstTnRImkn3NOzedUmwZ5CWrQlpx4hT/QEFq+AStUnekxQ==\",\r\n            \"commandToExecute\": \"powershell.exe -ExecutionPolicy Unrestricted -file sessionHostConfig.ps1\"\r\n     }\r\n",
            "protected_settings_from_key_vault": [],
            "publisher": "Microsoft.Compute",
            "settings": "{\"fileUris\":[\"https://akterraformstorage.blob.core.windows.net/sessionhostconfig/sessionHostConfig.ps1?sp=r\\u0026st=2024-08-22T13:45:15Z\\u0026se=2024-08-28T21:45:15Z\\u0026skoid=a17ff046-2132-4453-8b11-be8ba22f28e2\\u0026sktid=f6b9b1fa-10dd-4c5b-8b1b-404934b17313\\u0026skt=2024-08-22T13:45:15Z\\u0026ske=2024-08-28T21:45:15Z\\u0026sks=b\\u0026skv=2022-11-02\\u0026spr=https\\u0026sv=2022-11-02\\u0026sr=b\\u0026sig=7KX5QbR%2BwsUSV9hhj%2BygqwyjRYe4EaiDaqOmCHd30E8%3D\"]}",
            "tags": null,
            "timeouts": null,
            "type": "CustomScriptExtension",
            "type_handler_version": "1.10",
            "virtual_machine_id": "/subscriptions/761cc7e6-a477-494a-99ef-a5d6aa0fde41/resourceGroups/kun/providers/Microsoft.Compute/virtualMachines/avdtf-1"
          },
          "sensitive_attributes": [
            [
              {
                "type": "get_attr",
                "value": "protected_settings"
              }
            ]
          ],
          "private": "eyJlMmJmYjczMC1lY2FhLTExZTYtOGY4OC0zNDM2M2JjN2M0YzAiOnsiY3JlYXRlIjoxODAwMDAwMDAwMDAwLCJkZWxldGUiOjE4MDAwMDAwMDAwMDAsInJlYWQiOjMwMDAwMDAwMDAwMCwidXBkYXRlIjoxODAwMDAwMDAwMDAwfX0=",
          "dependencies": [
            "azurerm_network_interface.avd_vm_nic",
            "azurerm_windows_virtual_machine.avd_vm",
            "data.azurerm_shared_image_version.kun",
            "data.external.client_id",
            "data.external.client_secret",
            "module.avdvnetAk.data.azurerm_subnet.example",
            "module.avdvnetAk.data.azurerm_virtual_network.ad_vnet_data",
            "module.avdvnetAk.data.azurerm_virtual_network.example"
          ]
        },
        {
          "index_key": 1,
          "schema_version": 0,
          "attributes": {
            "auto_upgrade_minor_version": false,
            "automatic_upgrade_enabled": false,
            "failure_suppression_enabled": false,
            "id": "/subscriptions/761cc7e6-a477-494a-99ef-a5d6aa0fde41/resourceGroups/kun/providers/Microsoft.Compute/virtualMachines/avdtf-2/extensions/avdtf2-avd_cse",
            "name": "avdtf2-avd_cse",
            "protected_settings": "     {\r\n         \"storageAccountName\": \"akterraformstorage\",\r\n         \"storageAccountKey\": \"S7CoMB6QML5Gv31lAq8JVGKMRPrMvGyO3KiWsk03zstTnRImkn3NOzedUmwZ5CWrQlpx4hT/QEFq+AStUnekxQ==\",\r\n            \"commandToExecute\": \"powershell.exe -ExecutionPolicy Unrestricted -file sessionHostConfig.ps1\"\r\n     }\r\n",
            "protected_settings_from_key_vault": [],
            "publisher": "Microsoft.Compute",
            "settings": "{\"fileUris\":[\"https://akterraformstorage.blob.core.windows.net/sessionhostconfig/sessionHostConfig.ps1?sp=r\\u0026st=2024-08-22T13:45:15Z\\u0026se=2024-08-28T21:45:15Z\\u0026skoid=a17ff046-2132-4453-8b11-be8ba22f28e2\\u0026sktid=f6b9b1fa-10dd-4c5b-8b1b-404934b17313\\u0026skt=2024-08-22T13:45:15Z\\u0026ske=2024-08-28T21:45:15Z\\u0026sks=b\\u0026skv=2022-11-02\\u0026spr=https\\u0026sv=2022-11-02\\u0026sr=b\\u0026sig=7KX5QbR%2BwsUSV9hhj%2BygqwyjRYe4EaiDaqOmCHd30E8%3D\"]}",
            "tags": null,
            "timeouts": null,
            "type": "CustomScriptExtension",
            "type_handler_version": "1.10",
            "virtual_machine_id": "/subscriptions/761cc7e6-a477-494a-99ef-a5d6aa0fde41/resourceGroups/kun/providers/Microsoft.Compute/virtualMachines/avdtf-2"
          },
          "sensitive_attributes": [
            [
              {
                "type": "get_attr",
                "value": "protected_settings"
              }
            ]
          ],
          "private": "eyJlMmJmYjczMC1lY2FhLTExZTYtOGY4OC0zNDM2M2JjN2M0YzAiOnsiY3JlYXRlIjoxODAwMDAwMDAwMDAwLCJkZWxldGUiOjE4MDAwMDAwMDAwMDAsInJlYWQiOjMwMDAwMDAwMDAwMCwidXBkYXRlIjoxODAwMDAwMDAwMDAwfX0=",
          "dependencies": [
            "azurerm_network_interface.avd_vm_nic",
            "azurerm_windows_virtual_machine.avd_vm",
            "data.azurerm_shared_image_version.kun",
            "data.external.client_id",
            "data.external.client_secret",
            "module.avdvnetAk.data.azurerm_subnet.example",
            "module.avdvnetAk.data.azurerm_virtual_network.ad_vnet_data",
            "module.avdvnetAk.data.azurerm_virtual_network.example"
          ]
        }
      ]
    },
    {
      "mode": "managed",
      "type": "azurerm_virtual_machine_extension",
      "name": "domain_join",
      "provider": "provider[\"registry.terraform.io/hashicorp/azurerm\"]",
      "instances": [
        {
          "index_key": 0,
          "schema_version": 0,
          "attributes": {
            "auto_upgrade_minor_version": true,
            "automatic_upgrade_enabled": false,
            "failure_suppression_enabled": false,
            "id": "/subscriptions/761cc7e6-a477-494a-99ef-a5d6aa0fde41/resourceGroups/kun/providers/Microsoft.Compute/virtualMachines/avdtf-1/extensions/avdtf-1-domainJoin",
            "name": "avdtf-1-domainJoin",
            "protected_settings": "    {\r\n      \"Password\": \"Valent12345.\"\r\n    }\r\n",
            "protected_settings_from_key_vault": [],
            "publisher": "Microsoft.Compute",
            "settings": "{\"Name\":\"pauli2.onmicrosoft.com\",\"OUPath\":\"OU=DEVAVDPOLICIEStest,DC=pauli2,DC=onmicrosoft,DC=com\",\"Options\":\"3\",\"Restart\":\"true\",\"User\":\"akinkunle@pauli2.onmicrosoft.com\"}",
            "tags": null,
            "timeouts": null,
            "type": "JsonADDomainExtension",
            "type_handler_version": "1.3",
            "virtual_machine_id": "/subscriptions/761cc7e6-a477-494a-99ef-a5d6aa0fde41/resourceGroups/kun/providers/Microsoft.Compute/virtualMachines/avdtf-1"
          },
          "sensitive_attributes": [
            [
              {
                "type": "get_attr",
                "value": "protected_settings"
              }
            ]
          ],
          "private": "eyJlMmJmYjczMC1lY2FhLTExZTYtOGY4OC0zNDM2M2JjN2M0YzAiOnsiY3JlYXRlIjoxODAwMDAwMDAwMDAwLCJkZWxldGUiOjE4MDAwMDAwMDAwMDAsInJlYWQiOjMwMDAwMDAwMDAwMCwidXBkYXRlIjoxODAwMDAwMDAwMDAwfX0=",
          "dependencies": [
            "azurerm_network_interface.avd_vm_nic",
            "azurerm_windows_virtual_machine.avd_vm",
            "data.azurerm_shared_image_version.kun",
            "data.external.client_id",
            "data.external.client_secret",
            "module.avdvnetAk.data.azurerm_subnet.example",
            "module.avdvnetAk.data.azurerm_virtual_network.ad_vnet_data",
            "module.avdvnetAk.data.azurerm_virtual_network.example"
          ]
        },
        {
          "index_key": 1,
          "schema_version": 0,
          "attributes": {
            "auto_upgrade_minor_version": true,
            "automatic_upgrade_enabled": false,
            "failure_suppression_enabled": false,
            "id": "/subscriptions/761cc7e6-a477-494a-99ef-a5d6aa0fde41/resourceGroups/kun/providers/Microsoft.Compute/virtualMachines/avdtf-2/extensions/avdtf-2-domainJoin",
            "name": "avdtf-2-domainJoin",
            "protected_settings": "    {\r\n      \"Password\": \"Valent12345.\"\r\n    }\r\n",
            "protected_settings_from_key_vault": [],
            "publisher": "Microsoft.Compute",
            "settings": "{\"Name\":\"pauli2.onmicrosoft.com\",\"OUPath\":\"OU=DEVAVDPOLICIEStest,DC=pauli2,DC=onmicrosoft,DC=com\",\"Options\":\"3\",\"Restart\":\"true\",\"User\":\"akinkunle@pauli2.onmicrosoft.com\"}",
            "tags": null,
            "timeouts": null,
            "type": "JsonADDomainExtension",
            "type_handler_version": "1.3",
            "virtual_machine_id": "/subscriptions/761cc7e6-a477-494a-99ef-a5d6aa0fde41/resourceGroups/kun/providers/Microsoft.Compute/virtualMachines/avdtf-2"
          },
          "sensitive_attributes": [
            [
              {
                "type": "get_attr",
                "value": "protected_settings"
              }
            ]
          ],
          "private": "eyJlMmJmYjczMC1lY2FhLTExZTYtOGY4OC0zNDM2M2JjN2M0YzAiOnsiY3JlYXRlIjoxODAwMDAwMDAwMDAwLCJkZWxldGUiOjE4MDAwMDAwMDAwMDAsInJlYWQiOjMwMDAwMDAwMDAwMCwidXBkYXRlIjoxODAwMDAwMDAwMDAwfX0=",
          "dependencies": [
            "azurerm_network_interface.avd_vm_nic",
            "azurerm_windows_virtual_machine.avd_vm",
            "data.azurerm_shared_image_version.kun",
            "data.external.client_id",
            "data.external.client_secret",
            "module.avdvnetAk.data.azurerm_subnet.example",
            "module.avdvnetAk.data.azurerm_virtual_network.ad_vnet_data",
            "module.avdvnetAk.data.azurerm_virtual_network.example"
          ]
        }
      ]
    },
    {
      "mode": "managed",
      "type": "azurerm_virtual_machine_extension",
      "name": "vmext_dsc",
      "provider": "provider[\"registry.terraform.io/hashicorp/azurerm\"]",
      "instances": [
        {
          "index_key": 0,
          "schema_version": 0,
          "attributes": {
            "auto_upgrade_minor_version": true,
            "automatic_upgrade_enabled": false,
            "failure_suppression_enabled": false,
            "id": "/subscriptions/761cc7e6-a477-494a-99ef-a5d6aa0fde41/resourceGroups/kun/providers/Microsoft.Compute/virtualMachines/avdtf-1/extensions/avdtf1-avd_dsc",
            "name": "avdtf1-avd_dsc",
            "protected_settings": "  {\r\n    \"properties\": {\r\n      \"registrationInfoToken\": \"eyJhbGciOiJSUzI1NiIsImtpZCI6IjdDRjJCQTUzNjY3QjA4RTQzRjA0MDkyODNDMTk0NzhGNDc4OEYxMDYiLCJ0eXAiOiJKV1QifQ.eyJSZWdpc3RyYXRpb25JZCI6IjFhNTZjMDgzLTUxNGItNDlmMC04OTJmLTY1NjkwMGFlZDc5OCIsIkJyb2tlclVyaSI6Imh0dHBzOi8vcmRicm9rZXItZy1ldS1yMC53dmQubWljcm9zb2Z0LmNvbS8iLCJEaWFnbm9zdGljc1VyaSI6Imh0dHBzOi8vcmRkaWFnbm9zdGljcy1nLWV1LXIwLnd2ZC5taWNyb3NvZnQuY29tLyIsIkVuZHBvaW50UG9vbElkIjoiZDNkOGVlZjUtNzFhNy00NDA0LWI1ZjYtYzdiNzM0Y2Q3ZDZhIiwiR2xvYmFsQnJva2VyVXJpIjoiaHR0cHM6Ly9yZGJyb2tlci53dmQubWljcm9zb2Z0LmNvbS8iLCJHZW9ncmFwaHkiOiJFVSIsIkdsb2JhbEJyb2tlclJlc291cmNlSWRVcmkiOiJodHRwczovL2QzZDhlZWY1LTcxYTctNDQwNC1iNWY2LWM3YjczNGNkN2Q2YS5yZGJyb2tlci53dmQubWljcm9zb2Z0LmNvbS8iLCJCcm9rZXJSZXNvdXJjZUlkVXJpIjoiaHR0cHM6Ly9kM2Q4ZWVmNS03MWE3LTQ0MDQtYjVmNi1jN2I3MzRjZDdkNmEucmRicm9rZXItZy1ldS1yMC53dmQubWljcm9zb2Z0LmNvbS8iLCJEaWFnbm9zdGljc1Jlc291cmNlSWRVcmkiOiJodHRwczovL2QzZDhlZWY1LTcxYTctNDQwNC1iNWY2LWM3YjczNGNkN2Q2YS5yZGRpYWdub3N0aWNzLWctZXUtcjAud3ZkLm1pY3Jvc29mdC5jb20vIiwiQUFEVGVuYW50SWQiOiJmNmI5YjFmYS0xMGRkLTRjNWItOGIxYi00MDQ5MzRiMTczMTMiLCJuYmYiOjE3MjQ2MjI4NDMsImV4cCI6MTcyNTAyMTc5MywiaXNzIjoiUkRJbmZyYVRva2VuTWFuYWdlciIsImF1ZCI6IlJEbWkifQ.IDSMs3x9PiHgNdtxUADLFyvscT1PBetJKKLaBQSt5JUkJyAmi7xdDgNw0SoR5Y6sV8kfpn6xGxuH5Ebmumb9K0z0mzQDG3P0u6fQCMUYtXWOEuNw4mJWLNyFAWC3cpNqxG1WM8b4IE_Xs4M786D-9Tzswifn4Xu1utxQkEQRB1gB-w_ioFewX59BVC4IE0tiJBLg5EU3S6Zfl63ypb8LBF-f_iYOVUsDzpIXFneDZM8yOZdu1Bzy0cTw7_bOCXKDZ0wItGGZtGVvZzFrFmSTiML8IC8hnBCh9vdzpJ7gb4Kv68bHbeLLo-sacEl5M36PbQy7kM5uhkkW2PU4qXcC3w\"\r\n    }\r\n  }\r\n",
            "protected_settings_from_key_vault": [],
            "publisher": "Microsoft.Powershell",
            "settings": "{\"configurationFunction\":\"Configuration.ps1\\\\AddSessionHost\",\"modulesUrl\":\"https://wvdportalstorageblob.blob.core.windows.net/galleryartifacts/Configuration_09-08-2022.zip\",\"properties\":{\"HostPoolName\":\"FeenixHP\"}}",
            "tags": null,
            "timeouts": null,
            "type": "DSC",
            "type_handler_version": "2.73",
            "virtual_machine_id": "/subscriptions/761cc7e6-a477-494a-99ef-a5d6aa0fde41/resourceGroups/kun/providers/Microsoft.Compute/virtualMachines/avdtf-1"
          },
          "sensitive_attributes": [
            [
              {
                "type": "get_attr",
                "value": "protected_settings"
              }
            ]
          ],
          "private": "eyJlMmJmYjczMC1lY2FhLTExZTYtOGY4OC0zNDM2M2JjN2M0YzAiOnsiY3JlYXRlIjoxODAwMDAwMDAwMDAwLCJkZWxldGUiOjE4MDAwMDAwMDAwMDAsInJlYWQiOjMwMDAwMDAwMDAwMCwidXBkYXRlIjoxODAwMDAwMDAwMDAwfX0=",
          "dependencies": [
            "azurerm_network_interface.avd_vm_nic",
            "azurerm_virtual_machine_extension.domain_join",
            "azurerm_windows_virtual_machine.avd_vm",
            "data.azurerm_shared_image_version.kun",
            "data.external.client_id",
            "data.external.client_secret",
            "module.avdmgmt.azurerm_virtual_desktop_host_pool_registration_info.registrationinfo",
            "module.avdmgmt.data.azurerm_virtual_desktop_host_pool.example",
            "module.avdvnetAk.data.azurerm_subnet.example",
            "module.avdvnetAk.data.azurerm_virtual_network.ad_vnet_data",
            "module.avdvnetAk.data.azurerm_virtual_network.example"
          ]
        },
        {
          "index_key": 1,
          "schema_version": 0,
          "attributes": {
            "auto_upgrade_minor_version": true,
            "automatic_upgrade_enabled": false,
            "failure_suppression_enabled": false,
            "id": "/subscriptions/761cc7e6-a477-494a-99ef-a5d6aa0fde41/resourceGroups/kun/providers/Microsoft.Compute/virtualMachines/avdtf-2/extensions/avdtf2-avd_dsc",
            "name": "avdtf2-avd_dsc",
            "protected_settings": "  {\r\n    \"properties\": {\r\n      \"registrationInfoToken\": \"eyJhbGciOiJSUzI1NiIsImtpZCI6IjdDRjJCQTUzNjY3QjA4RTQzRjA0MDkyODNDMTk0NzhGNDc4OEYxMDYiLCJ0eXAiOiJKV1QifQ.eyJSZWdpc3RyYXRpb25JZCI6IjFhNTZjMDgzLTUxNGItNDlmMC04OTJmLTY1NjkwMGFlZDc5OCIsIkJyb2tlclVyaSI6Imh0dHBzOi8vcmRicm9rZXItZy1ldS1yMC53dmQubWljcm9zb2Z0LmNvbS8iLCJEaWFnbm9zdGljc1VyaSI6Imh0dHBzOi8vcmRkaWFnbm9zdGljcy1nLWV1LXIwLnd2ZC5taWNyb3NvZnQuY29tLyIsIkVuZHBvaW50UG9vbElkIjoiZDNkOGVlZjUtNzFhNy00NDA0LWI1ZjYtYzdiNzM0Y2Q3ZDZhIiwiR2xvYmFsQnJva2VyVXJpIjoiaHR0cHM6Ly9yZGJyb2tlci53dmQubWljcm9zb2Z0LmNvbS8iLCJHZW9ncmFwaHkiOiJFVSIsIkdsb2JhbEJyb2tlclJlc291cmNlSWRVcmkiOiJodHRwczovL2QzZDhlZWY1LTcxYTctNDQwNC1iNWY2LWM3YjczNGNkN2Q2YS5yZGJyb2tlci53dmQubWljcm9zb2Z0LmNvbS8iLCJCcm9rZXJSZXNvdXJjZUlkVXJpIjoiaHR0cHM6Ly9kM2Q4ZWVmNS03MWE3LTQ0MDQtYjVmNi1jN2I3MzRjZDdkNmEucmRicm9rZXItZy1ldS1yMC53dmQubWljcm9zb2Z0LmNvbS8iLCJEaWFnbm9zdGljc1Jlc291cmNlSWRVcmkiOiJodHRwczovL2QzZDhlZWY1LTcxYTctNDQwNC1iNWY2LWM3YjczNGNkN2Q2YS5yZGRpYWdub3N0aWNzLWctZXUtcjAud3ZkLm1pY3Jvc29mdC5jb20vIiwiQUFEVGVuYW50SWQiOiJmNmI5YjFmYS0xMGRkLTRjNWItOGIxYi00MDQ5MzRiMTczMTMiLCJuYmYiOjE3MjQ2MjI4NDMsImV4cCI6MTcyNTAyMTc5MywiaXNzIjoiUkRJbmZyYVRva2VuTWFuYWdlciIsImF1ZCI6IlJEbWkifQ.IDSMs3x9PiHgNdtxUADLFyvscT1PBetJKKLaBQSt5JUkJyAmi7xdDgNw0SoR5Y6sV8kfpn6xGxuH5Ebmumb9K0z0mzQDG3P0u6fQCMUYtXWOEuNw4mJWLNyFAWC3cpNqxG1WM8b4IE_Xs4M786D-9Tzswifn4Xu1utxQkEQRB1gB-w_ioFewX59BVC4IE0tiJBLg5EU3S6Zfl63ypb8LBF-f_iYOVUsDzpIXFneDZM8yOZdu1Bzy0cTw7_bOCXKDZ0wItGGZtGVvZzFrFmSTiML8IC8hnBCh9vdzpJ7gb4Kv68bHbeLLo-sacEl5M36PbQy7kM5uhkkW2PU4qXcC3w\"\r\n    }\r\n  }\r\n",
            "protected_settings_from_key_vault": [],
            "publisher": "Microsoft.Powershell",
            "settings": "{\"configurationFunction\":\"Configuration.ps1\\\\AddSessionHost\",\"modulesUrl\":\"https://wvdportalstorageblob.blob.core.windows.net/galleryartifacts/Configuration_09-08-2022.zip\",\"properties\":{\"HostPoolName\":\"FeenixHP\"}}",
            "tags": null,
            "timeouts": null,
            "type": "DSC",
            "type_handler_version": "2.73",
            "virtual_machine_id": "/subscriptions/761cc7e6-a477-494a-99ef-a5d6aa0fde41/resourceGroups/kun/providers/Microsoft.Compute/virtualMachines/avdtf-2"
          },
          "sensitive_attributes": [
            [
              {
                "type": "get_attr",
                "value": "protected_settings"
              }
            ]
          ],
          "private": "eyJlMmJmYjczMC1lY2FhLTExZTYtOGY4OC0zNDM2M2JjN2M0YzAiOnsiY3JlYXRlIjoxODAwMDAwMDAwMDAwLCJkZWxldGUiOjE4MDAwMDAwMDAwMDAsInJlYWQiOjMwMDAwMDAwMDAwMCwidXBkYXRlIjoxODAwMDAwMDAwMDAwfX0=",
          "dependencies": [
            "azurerm_network_interface.avd_vm_nic",
            "azurerm_virtual_machine_extension.domain_join",
            "azurerm_windows_virtual_machine.avd_vm",
            "data.azurerm_shared_image_version.kun",
            "data.external.client_id",
            "data.external.client_secret",
            "module.avdmgmt.azurerm_virtual_desktop_host_pool_registration_info.registrationinfo",
            "module.avdmgmt.data.azurerm_virtual_desktop_host_pool.example",
            "module.avdvnetAk.data.azurerm_subnet.example",
            "module.avdvnetAk.data.azurerm_virtual_network.ad_vnet_data",
            "module.avdvnetAk.data.azurerm_virtual_network.example"
          ]
        }
      ]
    },
    {
      "mode": "managed",
      "type": "azurerm_windows_virtual_machine",
      "name": "avd_vm",
      "provider": "provider[\"registry.terraform.io/hashicorp/azurerm\"]",
      "instances": [
        {
          "index_key": 0,
          "schema_version": 0,
          "attributes": {
            "additional_capabilities": [],
            "additional_unattend_content": [],
            "admin_password": "ChangeMe123!",
            "admin_username": "localadm",
            "allow_extension_operations": true,
            "availability_set_id": "",
            "boot_diagnostics": [],
            "capacity_reservation_group_id": "",
            "computer_name": "avdtf-1",
            "custom_data": null,
            "dedicated_host_group_id": "",
            "dedicated_host_id": "",
            "edge_zone": "",
            "enable_automatic_updates": true,
            "encryption_at_host_enabled": false,
            "eviction_policy": "",
            "extensions_time_budget": "PT1H30M",
            "gallery_application": [],
            "hotpatching_enabled": false,
            "id": "/subscriptions/761cc7e6-a477-494a-99ef-a5d6aa0fde41/resourceGroups/kun/providers/Microsoft.Compute/virtualMachines/avdtf-1",
            "identity": [],
            "license_type": "",
            "location": "westeurope",
            "max_bid_price": -1,
            "name": "avdtf-1",
            "network_interface_ids": [
              "/subscriptions/761cc7e6-a477-494a-99ef-a5d6aa0fde41/resourceGroups/kun/providers/Microsoft.Network/networkInterfaces/avdtf-1-nic"
            ],
            "os_disk": [
              {
                "caching": "ReadWrite",
                "diff_disk_settings": [],
                "disk_encryption_set_id": "",
                "disk_size_gb": 127,
                "name": "avdtf-1_OsDisk_1_034ba3bf34ac4e138178870f443ee491",
                "secure_vm_disk_encryption_set_id": "",
                "security_encryption_type": "",
                "storage_account_type": "Standard_LRS",
                "write_accelerator_enabled": false
              }
            ],
            "patch_assessment_mode": "ImageDefault",
            "patch_mode": "AutomaticByOS",
            "plan": [],
            "platform_fault_domain": -1,
            "priority": "Regular",
            "private_ip_address": "10.0.0.6",
            "private_ip_addresses": [
              "10.0.0.6"
            ],
            "provision_vm_agent": true,
            "proximity_placement_group_id": "",
            "public_ip_address": "",
            "public_ip_addresses": [],
            "resource_group_name": "kun",
            "secret": [],
            "secure_boot_enabled": false,
            "size": "Standard_DS2_v2",
            "source_image_id": "/subscriptions/761cc7e6-a477-494a-99ef-a5d6aa0fde41/resourceGroups/kun/providers/Microsoft.Compute/galleries/acgAk/images/acgImageDef2/versions/1.0.4",
            "source_image_reference": [],
            "tags": null,
            "termination_notification": null,
            "timeouts": null,
            "timezone": "",
            "user_data": "",
            "virtual_machine_id": "04897cf9-6a13-47c7-add3-f99b01ddfafc",
            "virtual_machine_scale_set_id": "",
            "vtpm_enabled": false,
            "winrm_listener": [],
            "zone": ""
          },
          "sensitive_attributes": [
            [
              {
                "type": "get_attr",
                "value": "admin_password"
              }
            ],
            [
              {
                "type": "get_attr",
                "value": "custom_data"
              }
            ]
          ],
          "private": "eyJlMmJmYjczMC1lY2FhLTExZTYtOGY4OC0zNDM2M2JjN2M0YzAiOnsiY3JlYXRlIjoyNzAwMDAwMDAwMDAwLCJkZWxldGUiOjI3MDAwMDAwMDAwMDAsInJlYWQiOjMwMDAwMDAwMDAwMCwidXBkYXRlIjoyNzAwMDAwMDAwMDAwfX0=",
          "dependencies": [
            "azurerm_network_interface.avd_vm_nic",
            "data.azurerm_shared_image_version.kun",
            "data.external.client_id",
            "data.external.client_secret",
            "module.avdvnetAk.data.azurerm_subnet.example",
            "module.avdvnetAk.data.azurerm_virtual_network.ad_vnet_data",
            "module.avdvnetAk.data.azurerm_virtual_network.example"
          ]
        },
        {
          "index_key": 1,
          "schema_version": 0,
          "attributes": {
            "additional_capabilities": [],
            "additional_unattend_content": [],
            "admin_password": "ChangeMe123!",
            "admin_username": "localadm",
            "allow_extension_operations": true,
            "availability_set_id": "",
            "boot_diagnostics": [],
            "capacity_reservation_group_id": "",
            "computer_name": "avdtf-2",
            "custom_data": null,
            "dedicated_host_group_id": "",
            "dedicated_host_id": "",
            "edge_zone": "",
            "enable_automatic_updates": true,
            "encryption_at_host_enabled": false,
            "eviction_policy": "",
            "extensions_time_budget": "PT1H30M",
            "gallery_application": [],
            "hotpatching_enabled": false,
            "id": "/subscriptions/761cc7e6-a477-494a-99ef-a5d6aa0fde41/resourceGroups/kun/providers/Microsoft.Compute/virtualMachines/avdtf-2",
            "identity": [],
            "license_type": "",
            "location": "westeurope",
            "max_bid_price": -1,
            "name": "avdtf-2",
            "network_interface_ids": [
              "/subscriptions/761cc7e6-a477-494a-99ef-a5d6aa0fde41/resourceGroups/kun/providers/Microsoft.Network/networkInterfaces/avdtf-2-nic"
            ],
            "os_disk": [
              {
                "caching": "ReadWrite",
                "diff_disk_settings": [],
                "disk_encryption_set_id": "",
                "disk_size_gb": 127,
                "name": "avdtf-2_OsDisk_1_2eee1e57951448998b75265da03f027c",
                "secure_vm_disk_encryption_set_id": "",
                "security_encryption_type": "",
                "storage_account_type": "Standard_LRS",
                "write_accelerator_enabled": false
              }
            ],
            "patch_assessment_mode": "ImageDefault",
            "patch_mode": "AutomaticByOS",
            "plan": [],
            "platform_fault_domain": -1,
            "priority": "Regular",
            "private_ip_address": "10.0.0.5",
            "private_ip_addresses": [
              "10.0.0.5"
            ],
            "provision_vm_agent": true,
            "proximity_placement_group_id": "",
            "public_ip_address": "",
            "public_ip_addresses": [],
            "resource_group_name": "kun",
            "secret": [],
            "secure_boot_enabled": false,
            "size": "Standard_DS2_v2",
            "source_image_id": "/subscriptions/761cc7e6-a477-494a-99ef-a5d6aa0fde41/resourceGroups/kun/providers/Microsoft.Compute/galleries/acgAk/images/acgImageDef2/versions/1.0.4",
            "source_image_reference": [],
            "tags": null,
            "termination_notification": null,
            "timeouts": null,
            "timezone": "",
            "user_data": "",
            "virtual_machine_id": "6f0681d7-1315-488c-8f5f-f08d4d465445",
            "virtual_machine_scale_set_id": "",
            "vtpm_enabled": false,
            "winrm_listener": [],
            "zone": ""
          },
          "sensitive_attributes": [
            [
              {
                "type": "get_attr",
                "value": "custom_data"
              }
            ],
            [
              {
                "type": "get_attr",
                "value": "admin_password"
              }
            ]
          ],
          "private": "eyJlMmJmYjczMC1lY2FhLTExZTYtOGY4OC0zNDM2M2JjN2M0YzAiOnsiY3JlYXRlIjoyNzAwMDAwMDAwMDAwLCJkZWxldGUiOjI3MDAwMDAwMDAwMDAsInJlYWQiOjMwMDAwMDAwMDAwMCwidXBkYXRlIjoyNzAwMDAwMDAwMDAwfX0=",
          "dependencies": [
            "azurerm_network_interface.avd_vm_nic",
            "data.azurerm_shared_image_version.kun",
            "data.external.client_id",
            "data.external.client_secret",
            "module.avdvnetAk.data.azurerm_subnet.example",
            "module.avdvnetAk.data.azurerm_virtual_network.ad_vnet_data",
            "module.avdvnetAk.data.azurerm_virtual_network.example"
          ]
        }
      ]
    },
    {
      "mode": "managed",
      "type": "random_string",
      "name": "AVD_local_password",
      "provider": "provider[\"registry.terraform.io/hashicorp/random\"]",
      "instances": [
        {
          "index_key": 0,
          "schema_version": 2,
          "attributes": {
            "id": "TzvRasuoUn0x!z#0",
            "keepers": null,
            "length": 16,
            "lower": true,
            "min_lower": 0,
            "min_numeric": 0,
            "min_special": 2,
            "min_upper": 0,
            "number": true,
            "numeric": true,
            "override_special": "*!@#?",
            "result": "TzvRasuoUn0x!z#0",
            "special": true,
            "upper": true
          },
          "sensitive_attributes": []
        },
        {
          "index_key": 1,
          "schema_version": 2,
          "attributes": {
            "id": "!DEdj9ZH@*K79psK",
            "keepers": null,
            "length": 16,
            "lower": true,
            "min_lower": 0,
            "min_numeric": 0,
            "min_special": 2,
            "min_upper": 0,
            "number": true,
            "numeric": true,
            "override_special": "*!@#?",
            "result": "!DEdj9ZH@*K79psK",
            "special": true,
            "upper": true
          },
          "sensitive_attributes": []
        }
      ]
    },
    {
      "module": "module.avdmgmt",
      "mode": "data",
      "type": "azurerm_virtual_desktop_host_pool",
      "name": "example",
      "provider": "provider[\"registry.terraform.io/hashicorp/azurerm\"]",
      "instances": [
        {
          "schema_version": 0,
          "attributes": {
            "custom_rdp_properties": "drivestoredirect:s:*;audiomode:i:0;videoplaybackmode:i:1;redirectclipboard:i:1;redirectprinters:i:1;devicestoredirect:s:*;redirectcomports:i:1;redirectsmartcards:i:1;usbdevicestoredirect:s:*;enablecredsspsupport:i:1;redirectwebauthn:i:1;use multimon:i:1;",
            "description": "Created through the Azure Virtual Desktop extension",
            "friendly_name": "",
            "id": "/subscriptions/761cc7e6-a477-494a-99ef-a5d6aa0fde41/resourceGroups/FeenixRG/providers/Microsoft.DesktopVirtualization/hostPools/FeenixHP",
            "load_balancer_type": "DepthFirst",
            "location": "westeurope",
            "maximum_sessions_allowed": 4,
            "name": "FeenixHP",
            "personal_desktop_assignment_type": "",
            "preferred_app_group_type": "RailApplications",
            "resource_group_name": "FeenixRG",
            "scheduled_agent_updates": [],
            "start_vm_on_connect": false,
            "tags": {},
            "timeouts": null,
            "type": "Pooled",
            "validate_environment": false
          },
          "sensitive_attributes": []
        }
      ]
    },
    {
      "module": "module.avdmgmt",
      "mode": "managed",
      "type": "azurerm_virtual_desktop_host_pool_registration_info",
      "name": "registrationinfo",
      "provider": "provider[\"registry.terraform.io/hashicorp/azurerm\"]",
      "instances": [
        {
          "schema_version": 0,
          "attributes": {
            "expiration_date": "2024-08-30T12:43:13Z",
            "hostpool_id": "/subscriptions/761cc7e6-a477-494a-99ef-a5d6aa0fde41/resourceGroups/FeenixRG/providers/Microsoft.DesktopVirtualization/hostPools/FeenixHP",
            "id": "/subscriptions/761cc7e6-a477-494a-99ef-a5d6aa0fde41/resourceGroups/FeenixRG/providers/Microsoft.DesktopVirtualization/hostPools/FeenixHP/registrationInfo/default",
            "timeouts": null,
            "token": "eyJhbGciOiJSUzI1NiIsImtpZCI6IjdDRjJCQTUzNjY3QjA4RTQzRjA0MDkyODNDMTk0NzhGNDc4OEYxMDYiLCJ0eXAiOiJKV1QifQ.eyJSZWdpc3RyYXRpb25JZCI6IjFhNTZjMDgzLTUxNGItNDlmMC04OTJmLTY1NjkwMGFlZDc5OCIsIkJyb2tlclVyaSI6Imh0dHBzOi8vcmRicm9rZXItZy1ldS1yMC53dmQubWljcm9zb2Z0LmNvbS8iLCJEaWFnbm9zdGljc1VyaSI6Imh0dHBzOi8vcmRkaWFnbm9zdGljcy1nLWV1LXIwLnd2ZC5taWNyb3NvZnQuY29tLyIsIkVuZHBvaW50UG9vbElkIjoiZDNkOGVlZjUtNzFhNy00NDA0LWI1ZjYtYzdiNzM0Y2Q3ZDZhIiwiR2xvYmFsQnJva2VyVXJpIjoiaHR0cHM6Ly9yZGJyb2tlci53dmQubWljcm9zb2Z0LmNvbS8iLCJHZW9ncmFwaHkiOiJFVSIsIkdsb2JhbEJyb2tlclJlc291cmNlSWRVcmkiOiJodHRwczovL2QzZDhlZWY1LTcxYTctNDQwNC1iNWY2LWM3YjczNGNkN2Q2YS5yZGJyb2tlci53dmQubWljcm9zb2Z0LmNvbS8iLCJCcm9rZXJSZXNvdXJjZUlkVXJpIjoiaHR0cHM6Ly9kM2Q4ZWVmNS03MWE3LTQ0MDQtYjVmNi1jN2I3MzRjZDdkNmEucmRicm9rZXItZy1ldS1yMC53dmQubWljcm9zb2Z0LmNvbS8iLCJEaWFnbm9zdGljc1Jlc291cmNlSWRVcmkiOiJodHRwczovL2QzZDhlZWY1LTcxYTctNDQwNC1iNWY2LWM3YjczNGNkN2Q2YS5yZGRpYWdub3N0aWNzLWctZXUtcjAud3ZkLm1pY3Jvc29mdC5jb20vIiwiQUFEVGVuYW50SWQiOiJmNmI5YjFmYS0xMGRkLTRjNWItOGIxYi00MDQ5MzRiMTczMTMiLCJuYmYiOjE3MjQ2MjI4NDMsImV4cCI6MTcyNTAyMTc5MywiaXNzIjoiUkRJbmZyYVRva2VuTWFuYWdlciIsImF1ZCI6IlJEbWkifQ.IDSMs3x9PiHgNdtxUADLFyvscT1PBetJKKLaBQSt5JUkJyAmi7xdDgNw0SoR5Y6sV8kfpn6xGxuH5Ebmumb9K0z0mzQDG3P0u6fQCMUYtXWOEuNw4mJWLNyFAWC3cpNqxG1WM8b4IE_Xs4M786D-9Tzswifn4Xu1utxQkEQRB1gB-w_ioFewX59BVC4IE0tiJBLg5EU3S6Zfl63ypb8LBF-f_iYOVUsDzpIXFneDZM8yOZdu1Bzy0cTw7_bOCXKDZ0wItGGZtGVvZzFrFmSTiML8IC8hnBCh9vdzpJ7gb4Kv68bHbeLLo-sacEl5M36PbQy7kM5uhkkW2PU4qXcC3w"
          },
          "sensitive_attributes": [
            [
              {
                "type": "get_attr",
                "value": "token"
              }
            ]
          ],
          "private": "eyJlMmJmYjczMC1lY2FhLTExZTYtOGY4OC0zNDM2M2JjN2M0YzAiOnsiY3JlYXRlIjoxODAwMDAwMDAwMDAwLCJkZWxldGUiOjE4MDAwMDAwMDAwMDAsInJlYWQiOjMwMDAwMDAwMDAwMCwidXBkYXRlIjoxODAwMDAwMDAwMDAwfX0=",
          "dependencies": [
            "data.external.client_id",
            "data.external.client_secret",
            "module.avdmgmt.data.azurerm_virtual_desktop_host_pool.example"
          ]
        }
      ]
    },
    {
      "module": "module.avdvnetAk",
      "mode": "data",
      "type": "azurerm_subnet",
      "name": "example",
      "provider": "provider[\"registry.terraform.io/hashicorp/azurerm\"]",
      "instances": [
        {
          "schema_version": 0,
          "attributes": {
            "address_prefix": "10.0.0.0/24",
            "address_prefixes": [
              "10.0.0.0/24"
            ],
            "enforce_private_link_endpoint_network_policies": false,
            "enforce_private_link_service_network_policies": false,
            "id": "/subscriptions/761cc7e6-a477-494a-99ef-a5d6aa0fde41/resourceGroups/kun/providers/Microsoft.Network/virtualNetworks/kun/subnets/internal",
            "name": "internal",
            "network_security_group_id": "",
            "private_endpoint_network_policies_enabled": true,
            "private_link_service_network_policies_enabled": true,
            "resource_group_name": "kun",
            "route_table_id": "",
            "service_endpoints": [],
            "timeouts": null,
            "virtual_network_name": "kun"
          },
          "sensitive_attributes": []
        }
      ]
    },
    {
      "module": "module.avdvnetAk",
      "mode": "data",
      "type": "azurerm_virtual_network",
      "name": "ad_vnet_data",
      "provider": "provider[\"registry.terraform.io/hashicorp/azurerm\"]",
      "instances": [
        {
          "schema_version": 0,
          "attributes": {
            "address_space": [
              "10.1.0.0/24"
            ],
            "dns_servers": [
              "10.1.0.4",
              "10.1.0.5"
            ],
            "guid": "5b8f79c6-8eca-46b9-a990-b9b37a0273d8",
            "id": "/subscriptions/761cc7e6-a477-494a-99ef-a5d6aa0fde41/resourceGroups/AkAaddsRg/providers/Microsoft.Network/virtualNetworks/aadds-vnet",
            "location": "westeurope",
            "name": "aadds-vnet",
            "resource_group_name": "AkAaddsRg",
            "subnets": [
              "aadds-subnet"
            ],
            "tags": {},
            "timeouts": null,
            "vnet_peerings": {
              "kunvnet-to-aaddsvnet": "/subscriptions/761cc7e6-a477-494a-99ef-a5d6aa0fde41/resourceGroups/kun/providers/Microsoft.Network/virtualNetworks/kun"
            },
            "vnet_peerings_addresses": [
              "10.0.0.0/16"
            ]
          },
          "sensitive_attributes": []
        }
      ]
    },
    {
      "module": "module.avdvnetAk",
      "mode": "data",
      "type": "azurerm_virtual_network",
      "name": "example",
      "provider": "provider[\"registry.terraform.io/hashicorp/azurerm\"]",
      "instances": [
        {
          "schema_version": 0,
          "attributes": {
            "address_space": [
              "10.0.0.0/16"
            ],
            "dns_servers": [
              "10.1.0.4",
              "10.1.0.5"
            ],
            "guid": "6025f7f8-2dec-405c-a668-e61718aaf512",
            "id": "/subscriptions/761cc7e6-a477-494a-99ef-a5d6aa0fde41/resourceGroups/kun/providers/Microsoft.Network/virtualNetworks/kun",
            "location": "westeurope",
            "name": "kun",
            "resource_group_name": "kun",
            "subnets": [
              "internal"
            ],
            "tags": {},
            "timeouts": null,
            "vnet_peerings": {
              "aaddsvnet-to-kunvnet": "/subscriptions/761cc7e6-a477-494a-99ef-a5d6aa0fde41/resourceGroups/AkAaddsRg/providers/Microsoft.Network/virtualNetworks/aadds-vnet"
            },
            "vnet_peerings_addresses": [
              "10.1.0.0/24"
            ]
          },
          "sensitive_attributes": []
        }
      ]
    }
  ],
  "check_results": null
}
